
Microsoft Visual Studio Solution File, Format Version 12.00
# Visual Studio Version 17
VisualStudioVersion = 17.14.36930.0
MinimumVisualStudioVersion = 10.0.40219.1
Project("{FAE04EC0-301F-11D3-BF4B-00C04F79EFBC}") = "Tercuman.API", "Tercuman.API\Tercuman.API.csproj", "{DFCB430E-D828-439A-9023-29206068113C}"
EndProject
Project("{FAE04EC0-301F-11D3-BF4B-00C04F79EFBC}") = "Tercuman.Infrastructure", "Tercuman.Infrastructure\Tercuman.Infrastructure.csproj", "{E28532D9-4654-451C-8147-AE955B7379D9}"
EndProject
Project("{FAE04EC0-301F-11D3-BF4B-00C04F79EFBC}") = "Tercuman.Domin", "Tercuman.Domin\Tercuman.Domin.csproj", "{CD77C0AA-1AE0-4F20-85CD-B6C80ADFFE9F}"
EndProject
Project("{FAE04EC0-301F-11D3-BF4B-00C04F79EFBC}") = "Tercuman.Application", "Tercuman.Application\Tercuman.Application.csproj", "{93872A92-2AA9-487A-A09E-820CB8C82F26}"
EndProject
Project("{FAE04EC0-301F-11D3-BF4B-00C04F79EFBC}") = "Tercuman.Admin.API", "Tercuman.Admin.API\Tercuman.Admin.API.csproj", "{F165DC29-0668-4004-99AF-6581F72BA0B4}"
EndProject
Global
	GlobalSection(SolutionConfigurationPlatforms) = preSolution
		Debug|Any CPU = Debug|Any CPU
		Release|Any CPU = Release|Any CPU
	EndGlobalSection
	GlobalSection(ProjectConfigurationPlatforms) = postSolution
		{DFCB430E-D828-439A-9023-29206068113C}.Debug|Any CPU.ActiveCfg = Debug|Any CPU
		{DFCB430E-D828-439A-9023-29206068113C}.Debug|Any CPU.Build.0 = Debug|Any CPU
		{DFCB430E-D828-439A-9023-29206068113C}.Release|Any CPU.ActiveCfg = Release|Any CPU
		{DFCB430E-D828-439A-9023-29206068113C}.Release|Any CPU.Build.0 = Release|Any CPU
		{E28532D9-4654-451C-8147-AE955B7379D9}.Debug|Any CPU.ActiveCfg = Debug|Any CPU
		{E28532D9-4654-451C-8147-AE955B7379D9}.Debug|Any CPU.Build.0 = Debug|Any CPU
		{E28532D9-4654-451C-8147-AE955B7379D9}.Release|Any CPU.ActiveCfg = Release|Any CPU
		{E28532D9-4654-451C-8147-AE955B7379D9}.Release|Any CPU.Build.0 = Release|Any CPU
		{CD77C0AA-1AE0-4F20-85CD-B6C80ADFFE9F}.Debug|Any CPU.ActiveCfg = Debug|Any CPU
		{CD77C0AA-1AE0-4F20-85CD-B6C80ADFFE9F}.Debug|Any CPU.Build.0 = Debug|Any CPU
		{CD77C0AA-1AE0-4F20-85CD-B6C80ADFFE9F}.Release|Any CPU.ActiveCfg = Release|Any CPU
		{CD77C0AA-1AE0-4F20-85CD-B6C80ADFFE9F}.Release|Any CPU.Build.0 = Release|Any CPU
		{93872A92-2AA9-487A-A09E-820CB8C82F26}.Debug|Any CPU.ActiveCfg = Debug|Any CPU
		{93872A92-2AA9-487A-A09E-820CB8C82F26}.Debug|Any CPU.Build.0 = Debug|Any CPU
		{93872A92-2AA9-487A-A09E-820CB8C82F26}.Release|Any CPU.ActiveCfg = Release|Any CPU
		{93872A92-2AA9-487A-A09E-820CB8C82F26}.Release|Any CPU.Build.0 = Release|Any CPU
		{F165DC29-0668-4004-99AF-6581F72BA0B4}.Debug|Any CPU.ActiveCfg = Debug|Any CPU
		{F165DC29-0668-4004-99AF-6581F72BA0B4}.Debug|Any CPU.Build.0 = Debug|Any CPU
		{F165DC29-0668-4004-99AF-6581F72BA0B4}.Release|Any CPU.ActiveCfg = Release|Any CPU
		{F165DC29-0668-4004-99AF-6581F72BA0B4}.Release|Any CPU.Build.0 = Release|Any CPU
	EndGlobalSection
	GlobalSection(SolutionProperties) = preSolution
		HideSolutionNode = FALSE
	EndGlobalSection
	GlobalSection(ExtensibilityGlobals) = postSolution
		SolutionGuid = {E694B1E8-7144-4817-97AD-BF83A7B89A62}
	EndGlobalSection
EndGlobal
