
Microsoft Visual Studio Solution File, Format Version 12.00
# Visual Studio Version 17
VisualStudioVersion = 17.14.36930.0
MinimumVisualStudioVersion = 10.0.40219.1
Project("{FAE04EC0-301F-11D3-BF4B-00C04F79EFBC}") = "Tercuman.API", "Tercuman.API\Tercuman.API.csproj", "{DFCB430E-D828-439A-9023-29206068113C}"
EndProject
Project("{FAE04EC0-301F-11D3-BF4B-00C04F79EFBC}") = "Tercuman.Infrastructure", "Tercuman.Infrastructure\Tercuman.Infrastructure.csproj", "{E28532D9-4654-451C-8147-AE955B7379D9}"
EndProject
Project("{FAE04EC0-301F-11D3-BF4B-00C04F79EFBC}") = "Tercuman.Application", "Tercuman.Application\Tercuman.Application.csproj", "{93872A92-2AA9-487A-A09E-820CB8C82F26}"
EndProject
Project("{FAE04EC0-301F-11D3-BF4B-00C04F79EFBC}") = "Tercuman.Admin.API", "Tercuman.Admin.API\Tercuman.Admin.API.csproj", "{F165DC29-0668-4004-99AF-6581F72BA0B4}"
EndProject
Project("{FAE04EC0-301F-11D3-BF4B-00C04F79EFBC}") = "Tercuman.Domain", "Tercuman.Domain\Tercuman.Domain.csproj", "{FB106818-6D7D-2AE9-00C0-9C4F3427686D}"
EndProject
Project("{FAE04EC0-301F-11D3-BF4B-00C04F79EFBC}") = "Tercuman.Mobile", "Tercuman.Mobile\Tercuman.Mobile.csproj", "{1BDCF669-7C4E-42F9-9C59-5ED5E49742A9}"
EndProject
Project("{FAE04EC0-301F-11D3-BF4B-00C04F79EFBC}") = "Tercuman.Contracts", "Tercuman.Contracts\Tercuman.Contracts.csproj", "{BB81EA24-E9BF-456D-A1FC-4D955C028BD5}"
EndProject
Global
	GlobalSection(SolutionConfigurationPlatforms) = preSolution
		Debug|Any CPU = Debug|Any CPU
		Release|Any CPU = Release|Any CPU
	EndGlobalSection
	GlobalSection(ProjectConfigurationPlatforms) = postSolution
		{DFCB430E-D828-439A-9023-29206068113C}.Debug|Any CPU.ActiveCfg = Debug|Any CPU
		{DFCB430E-D828-439A-9023-29206068113C}.Debug|Any CPU.Build.0 = Debug|Any CPU
		{DFCB430E-D828-439A-9023-29206068113C}.Release|Any CPU.ActiveCfg = Release|Any CPU
		{DFCB430E-D828-439A-9023-29206068113C}.Release|Any CPU.Build.0 = Release|Any CPU
		{E28532D9-4654-451C-8147-AE955B7379D9}.Debug|Any CPU.ActiveCfg = Debug|Any CPU
		{E28532D9-4654-451C-8147-AE955B7379D9}.Debug|Any CPU.Build.0 = Debug|Any CPU
		{E28532D9-4654-451C-8147-AE955B7379D9}.Release|Any CPU.ActiveCfg = Release|Any CPU
		{E28532D9-4654-451C-8147-AE955B7379D9}.Release|Any CPU.Build.0 = Release|Any CPU
		{93872A92-2AA9-487A-A09E-820CB8C82F26}.Debug|Any CPU.ActiveCfg = Debug|Any CPU
		{93872A92-2AA9-487A-A09E-820CB8C82F26}.Debug|Any CPU.Build.0 = Debug|Any CPU
		{93872A92-2AA9-487A-A09E-820CB8C82F26}.Release|Any CPU.ActiveCfg = Release|Any CPU
		{93872A92-2AA9-487A-A09E-820CB8C82F26}.Release|Any CPU.Build.0 = Release|Any CPU
		{F165DC29-0668-4004-99AF-6581F72BA0B4}.Debug|Any CPU.ActiveCfg = Debug|Any CPU
		{F165DC29-0668-4004-99AF-6581F72BA0B4}.Debug|Any CPU.Build.0 = Debug|Any CPU
		{F165DC29-0668-4004-99AF-6581F72BA0B4}.Release|Any CPU.ActiveCfg = Release|Any CPU
		{F165DC29-0668-4004-99AF-6581F72BA0B4}.Release|Any CPU.Build.0 = Release|Any CPU
		{FB106818-6D7D-2AE9-00C0-9C4F3427686D}.Debug|Any CPU.ActiveCfg = Debug|Any CPU
		{FB106818-6D7D-2AE9-00C0-9C4F3427686D}.Debug|Any CPU.Build.0 = Debug|Any CPU
		{FB106818-6D7D-2AE9-00C0-9C4F3427686D}.Release|Any CPU.ActiveCfg = Release|Any CPU
		{FB106818-6D7D-2AE9-00C0-9C4F3427686D}.Release|Any CPU.Build.0 = Release|Any CPU
		{1BDCF669-7C4E-42F9-9C59-5ED5E49742A9}.Debug|Any CPU.ActiveCfg = Debug|Any CPU
		{1BDCF669-7C4E-42F9-9C59-5ED5E49742A9}.Debug|Any CPU.Build.0 = Debug|Any CPU
		{1BDCF669-7C4E-42F9-9C59-5ED5E49742A9}.Debug|Any CPU.Deploy.0 = Debug|Any CPU
		{1BDCF669-7C4E-42F9-9C59-5ED5E49742A9}.Release|Any CPU.ActiveCfg = Release|Any CPU
		{1BDCF669-7C4E-42F9-9C59-5ED5E49742A9}.Release|Any CPU.Build.0 = Release|Any CPU
		{1BDCF669-7C4E-42F9-9C59-5ED5E49742A9}.Release|Any CPU.Deploy.0 = Release|Any CPU
		{BB81EA24-E9BF-456D-A1FC-4D955C028BD5}.Debug|Any CPU.ActiveCfg = Debug|Any CPU
		{BB81EA24-E9BF-456D-A1FC-4D955C028BD5}.Debug|Any CPU.Build.0 = Debug|Any CPU
		{BB81EA24-E9BF-456D-A1FC-4D955C028BD5}.Release|Any CPU.ActiveCfg = Release|Any CPU
		{BB81EA24-E9BF-456D-A1FC-4D955C028BD5}.Release|Any CPU.Build.0 = Release|Any CPU
	EndGlobalSection
	GlobalSection(SolutionProperties) = preSolution
		HideSolutionNode = FALSE
	EndGlobalSection
	GlobalSection(ExtensibilityGlobals) = postSolution
		SolutionGuid = {E694B1E8-7144-4817-97AD-BF83A7B89A62}
	EndGlobalSection
EndGlobal
